
Microsoft Visual Studio Solution File, Format Version 12.00
# Visual Studio Version 17
VisualStudioVersion = 17.3.32901.215
MinimumVisualStudioVersion = 10.0.40219.1
Project("{FAE04EC0-301F-11D3-BF4B-00C04F79EFBC}") = "TestProject", "TestProject\TestProject.csproj", "{EC1FC3D1-C869-464B-B22A-4EA8E9E679A0}"
EndProject
Global
	GlobalSection(SolutionConfigurationPlatforms) = preSolution
		Debug|Any CPU = Debug|Any CPU
		Release|Any CPU = Release|Any CPU
	EndGlobalSection
	GlobalSection(ProjectConfigurationPlatforms) = postSolution
		{EC1FC3D1-C869-464B-B22A-4EA8E9E679A0}.Debug|Any CPU.ActiveCfg = Debug|Any CPU
		{EC1FC3D1-C869-464B-B22A-4EA8E9E679A0}.Debug|Any CPU.Build.0 = Debug|Any CPU
		{EC1FC3D1-C869-464B-B22A-4EA8E9E679A0}.Release|Any CPU.ActiveCfg = Release|Any CPU
		{EC1FC3D1-C869-464B-B22A-4EA8E9E679A0}.Release|Any CPU.Build.0 = Release|Any CPU
	EndGlobalSection
	GlobalSection(SolutionProperties) = preSolution
		HideSolutionNode = FALSE
	EndGlobalSection
	GlobalSection(ExtensibilityGlobals) = postSolution
		SolutionGuid = {A0D0BC85-80CD-475A-9080-B2DC015A7A0A}
	EndGlobalSection
EndGlobal
